
Microsoft Visual Studio Solution File, Format Version 12.00
# Visual Studio Version 17
VisualStudioVersion = 17.0.31919.166
MinimumVisualStudioVersion = 10.0.40219.1
Project("{8BC9CEB8-8B4A-11D0-8D11-00A0C91BC942}") = "RayTracingInOneWeekend", "RayTracingInOneWeekend\RayTracingInOneWeekend.vcxproj", "{847825E9-1FDF-48D1-8D62-65BA586FC08C}"
EndProject
Global
	GlobalSection(SolutionConfigurationPlatforms) = preSolution
		Debug|x64 = Debug|x64
		Release|x64 = Release|x64
	EndGlobalSection
	GlobalSection(ProjectConfigurationPlatforms) = postSolution
		{847825E9-1FDF-48D1-8D62-65BA586FC08C}.Debug|x64.ActiveCfg = Debug|x64
		{847825E9-1FDF-48D1-8D62-65BA586FC08C}.Debug|x64.Build.0 = Debug|x64
		{847825E9-1FDF-48D1-8D62-65BA586FC08C}.Release|x64.ActiveCfg = Release|x64
		{847825E9-1FDF-48D1-8D62-65BA586FC08C}.Release|x64.Build.0 = Release|x64
	EndGlobalSection
	GlobalSection(SolutionProperties) = preSolution
		HideSolutionNode = FALSE
	EndGlobalSection
	GlobalSection(ExtensibilityGlobals) = postSolution
		SolutionGuid = {879D3278-0739-4654-9F23-EEF161E6EAD6}
	EndGlobalSection
EndGlobal
